
Microsoft Visual Studio Solution File, Format Version 12.00
# Visual Studio Version 16
VisualStudioVersion = 16.0.29418.71
MinimumVisualStudioVersion = 10.0.40219.1
Project("{FAE04EC0-301F-11D3-BF4B-00C04F79EFBC}") = "Chatroom", "Chatroom\Chatroom.csproj", "{E6D55408-9143-4C26-B17D-4F8C4095DB9F}"
EndProject
Project("{FAE04EC0-301F-11D3-BF4B-00C04F79EFBC}") = "Client", "Client\Client.csproj", "{3D7659EC-62A6-419C-89CE-058FD500026C}"
EndProject
Project("{FAE04EC0-301F-11D3-BF4B-00C04F79EFBC}") = "Server", "Server\Server.csproj", "{63E7E666-E4D0-40CD-BEA6-E6A0887976B1}"
EndProject
Project("{FAE04EC0-301F-11D3-BF4B-00C04F79EFBC}") = "MessageUtilities", "MessageUtilities\MessageUtilities.csproj", "{AD11E94D-D009-4CF8-B900-817F4BE973A8}"
EndProject
Global
	GlobalSection(SolutionConfigurationPlatforms) = preSolution
		Debug|Any CPU = Debug|Any CPU
		Release|Any CPU = Release|Any CPU
	EndGlobalSection
	GlobalSection(ProjectConfigurationPlatforms) = postSolution
		{E6D55408-9143-4C26-B17D-4F8C4095DB9F}.Debug|Any CPU.ActiveCfg = Debug|Any CPU
		{E6D55408-9143-4C26-B17D-4F8C4095DB9F}.Debug|Any CPU.Build.0 = Debug|Any CPU
		{E6D55408-9143-4C26-B17D-4F8C4095DB9F}.Release|Any CPU.ActiveCfg = Release|Any CPU
		{E6D55408-9143-4C26-B17D-4F8C4095DB9F}.Release|Any CPU.Build.0 = Release|Any CPU
		{3D7659EC-62A6-419C-89CE-058FD500026C}.Debug|Any CPU.ActiveCfg = Debug|Any CPU
		{3D7659EC-62A6-419C-89CE-058FD500026C}.Debug|Any CPU.Build.0 = Debug|Any CPU
		{3D7659EC-62A6-419C-89CE-058FD500026C}.Release|Any CPU.ActiveCfg = Release|Any CPU
		{3D7659EC-62A6-419C-89CE-058FD500026C}.Release|Any CPU.Build.0 = Release|Any CPU
		{63E7E666-E4D0-40CD-BEA6-E6A0887976B1}.Debug|Any CPU.ActiveCfg = Debug|Any CPU
		{63E7E666-E4D0-40CD-BEA6-E6A0887976B1}.Debug|Any CPU.Build.0 = Debug|Any CPU
		{63E7E666-E4D0-40CD-BEA6-E6A0887976B1}.Release|Any CPU.ActiveCfg = Release|Any CPU
		{63E7E666-E4D0-40CD-BEA6-E6A0887976B1}.Release|Any CPU.Build.0 = Release|Any CPU
		{AD11E94D-D009-4CF8-B900-817F4BE973A8}.Debug|Any CPU.ActiveCfg = Debug|Any CPU
		{AD11E94D-D009-4CF8-B900-817F4BE973A8}.Debug|Any CPU.Build.0 = Debug|Any CPU
		{AD11E94D-D009-4CF8-B900-817F4BE973A8}.Release|Any CPU.ActiveCfg = Release|Any CPU
		{AD11E94D-D009-4CF8-B900-817F4BE973A8}.Release|Any CPU.Build.0 = Release|Any CPU
	EndGlobalSection
	GlobalSection(SolutionProperties) = preSolution
		HideSolutionNode = FALSE
	EndGlobalSection
	GlobalSection(ExtensibilityGlobals) = postSolution
		SolutionGuid = {DB7CD623-7C1D-4B26-8742-E3B9518A006A}
	EndGlobalSection
EndGlobal
